
Microsoft Visual Studio Solution File, Format Version 12.00
# Visual Studio 14
VisualStudioVersion = 14.0.25420.1
MinimumVisualStudioVersion = 10.0.40219.1
Project("{FAE04EC0-301F-11D3-BF4B-00C04F79EFBC}") = "STLSearchClerksMVC", "STLSearchClerksMVC\STLSearchClerksMVC.csproj", "{5018FDAE-326F-4004-B011-A878025A6B21}"
EndProject
Project("{FAE04EC0-301F-11D3-BF4B-00C04F79EFBC}") = "STLSearchClerksMVCShould", "STLSearchClerksMVCShould\STLSearchClerksMVCShould.csproj", "{2F6E7C59-33A5-432F-933F-40086810B131}"
EndProject
Global
	GlobalSection(SolutionConfigurationPlatforms) = preSolution
		Debug|Any CPU = Debug|Any CPU
		Release|Any CPU = Release|Any CPU
	EndGlobalSection
	GlobalSection(ProjectConfigurationPlatforms) = postSolution
		{5018FDAE-326F-4004-B011-A878025A6B21}.Debug|Any CPU.ActiveCfg = Debug|Any CPU
		{5018FDAE-326F-4004-B011-A878025A6B21}.Debug|Any CPU.Build.0 = Debug|Any CPU
		{5018FDAE-326F-4004-B011-A878025A6B21}.Release|Any CPU.ActiveCfg = Release|Any CPU
		{5018FDAE-326F-4004-B011-A878025A6B21}.Release|Any CPU.Build.0 = Release|Any CPU
		{2F6E7C59-33A5-432F-933F-40086810B131}.Debug|Any CPU.ActiveCfg = Debug|Any CPU
		{2F6E7C59-33A5-432F-933F-40086810B131}.Debug|Any CPU.Build.0 = Debug|Any CPU
		{2F6E7C59-33A5-432F-933F-40086810B131}.Release|Any CPU.ActiveCfg = Release|Any CPU
		{2F6E7C59-33A5-432F-933F-40086810B131}.Release|Any CPU.Build.0 = Release|Any CPU
	EndGlobalSection
	GlobalSection(SolutionProperties) = preSolution
		HideSolutionNode = FALSE
	EndGlobalSection
EndGlobal
